
Microsoft Visual Studio Solution File, Format Version 12.00
# Visual Studio Version 16
VisualStudioVersion = 16.0.31005.135
MinimumVisualStudioVersion = 10.0.40219.1
Project("{FAE04EC0-301F-11D3-BF4B-00C04F79EFBC}") = "SerilogDemo", "SerilogDemo\SerilogDemo.csproj", "{0911CC68-3BFF-43EA-94FE-84EB1BB9B489}"
EndProject
Global
	GlobalSection(SolutionConfigurationPlatforms) = preSolution
		Debug|Any CPU = Debug|Any CPU
		Release|Any CPU = Release|Any CPU
	EndGlobalSection
	GlobalSection(ProjectConfigurationPlatforms) = postSolution
		{0911CC68-3BFF-43EA-94FE-84EB1BB9B489}.Debug|Any CPU.ActiveCfg = Debug|Any CPU
		{0911CC68-3BFF-43EA-94FE-84EB1BB9B489}.Debug|Any CPU.Build.0 = Debug|Any CPU
		{0911CC68-3BFF-43EA-94FE-84EB1BB9B489}.Release|Any CPU.ActiveCfg = Release|Any CPU
		{0911CC68-3BFF-43EA-94FE-84EB1BB9B489}.Release|Any CPU.Build.0 = Release|Any CPU
	EndGlobalSection
	GlobalSection(SolutionProperties) = preSolution
		HideSolutionNode = FALSE
	EndGlobalSection
	GlobalSection(ExtensibilityGlobals) = postSolution
		SolutionGuid = {F5EC0510-F78C-4945-95DE-54F2FE715632}
	EndGlobalSection
EndGlobal
